
Microsoft Visual Studio Solution File, Format Version 12.00
# Visual Studio Version 16
VisualStudioVersion = 16.0.30011.22
MinimumVisualStudioVersion = 10.0.40219.1
Project("{FAE04EC0-301F-11D3-BF4B-00C04F79EFBC}") = "StellarisModLoader", "SML\StellarisModLoader.csproj", "{1106FAE5-F35C-4D9B-BD64-4BF52E11D94F}"
EndProject
Global
	GlobalSection(SolutionConfigurationPlatforms) = preSolution
		Debug|Any CPU = Debug|Any CPU
		Release|Any CPU = Release|Any CPU
	EndGlobalSection
	GlobalSection(ProjectConfigurationPlatforms) = postSolution
		{1106FAE5-F35C-4D9B-BD64-4BF52E11D94F}.Debug|Any CPU.ActiveCfg = Debug|Any CPU
		{1106FAE5-F35C-4D9B-BD64-4BF52E11D94F}.Debug|Any CPU.Build.0 = Debug|Any CPU
		{1106FAE5-F35C-4D9B-BD64-4BF52E11D94F}.Release|Any CPU.ActiveCfg = Release|Any CPU
		{1106FAE5-F35C-4D9B-BD64-4BF52E11D94F}.Release|Any CPU.Build.0 = Release|Any CPU
	EndGlobalSection
	GlobalSection(SolutionProperties) = preSolution
		HideSolutionNode = FALSE
	EndGlobalSection
	GlobalSection(ExtensibilityGlobals) = postSolution
		SolutionGuid = {100C0161-7E09-4A78-926B-A0618131C9A1}
	EndGlobalSection
EndGlobal
